// !$*UTF8*$!
{
	archiveVersion = 1;
	classes = {
	};
	objectVersion = 46;
	objects = {

/* Begin PBXBuildFile section */
		C567F8C31EC3927C00949846 /* pokemon.ttf in Resources */ = {isa = PBXBuildFile; fileRef = C567F8C21EC3927C00949846 /* pokemon.ttf */; };
		C567F8C81EC393C100949846 /* music.png in Resources */ = {isa = PBXBuildFile; fileRef = C567F8C71EC393C100949846 /* music.png */; };
		C567F8CA1EC393E700949846 /* music.mp3 in Resources */ = {isa = PBXBuildFile; fileRef = C567F8C91EC393E700949846 /* music.mp3 */; };
		C567F8CC1EC3A01D00949846 /* PokemonDetailVC.swift in Sources */ = {isa = PBXBuildFile; fileRef = C567F8CB1EC3A01D00949846 /* PokemonDetailVC.swift */; };
		C5808B0B1EC36D5F00B35FDC /* AppDelegate.swift in Sources */ = {isa = PBXBuildFile; fileRef = C5808B0A1EC36D5F00B35FDC /* AppDelegate.swift */; };
		C5808B0D1EC36D5F00B35FDC /* ViewController.swift in Sources */ = {isa = PBXBuildFile; fileRef = C5808B0C1EC36D5F00B35FDC /* ViewController.swift */; };
		C5808B101EC36D6000B35FDC /* Main.storyboard in Resources */ = {isa = PBXBuildFile; fileRef = C5808B0E1EC36D6000B35FDC /* Main.storyboard */; };
		C5808B121EC36D6000B35FDC /* Assets.xcassets in Resources */ = {isa = PBXBuildFile; fileRef = C5808B111EC36D6000B35FDC /* Assets.xcassets */; };
		C5808B151EC36D6000B35FDC /* LaunchScreen.storyboard in Resources */ = {isa = PBXBuildFile; fileRef = C5808B131EC36D6000B35FDC /* LaunchScreen.storyboard */; };
		C5808B391EC3771900B35FDC /* pokemon.csv in Resources */ = {isa = PBXBuildFile; fileRef = C5808B381EC3771900B35FDC /* pokemon.csv */; };
		C5808B3C1EC3783D00B35FDC /* Pokemon.swift in Sources */ = {isa = PBXBuildFile; fileRef = C5808B3B1EC3783D00B35FDC /* Pokemon.swift */; };
		C5808B3F1EC37E0700B35FDC /* PokeCell.swift in Sources */ = {isa = PBXBuildFile; fileRef = C5808B3E1EC37E0700B35FDC /* PokeCell.swift */; };
		C5808B411EC3854B00B35FDC /* csv.swift in Sources */ = {isa = PBXBuildFile; fileRef = C5808B401EC3854B00B35FDC /* csv.swift */; };
/* End PBXBuildFile section */

/* Begin PBXFileReference section */
		C567F8C21EC3927C00949846 /* pokemon.ttf */ = {isa = PBXFileReference; lastKnownFileType = file; path = pokemon.ttf; sourceTree = "<group>"; };
		C567F8C71EC393C100949846 /* music.png */ = {isa = PBXFileReference; lastKnownFileType = image.png; path = music.png; sourceTree = "<group>"; };
		C567F8C91EC393E700949846 /* music.mp3 */ = {isa = PBXFileReference; lastKnownFileType = audio.mp3; path = music.mp3; sourceTree = "<group>"; };
		C567F8CB1EC3A01D00949846 /* PokemonDetailVC.swift */ = {isa = PBXFileReference; fileEncoding = 4; lastKnownFileType = sourcecode.swift; path = PokemonDetailVC.swift; sourceTree = "<group>"; };
		C5808B071EC36D5F00B35FDC /* pokedex3.app */ = {isa = PBXFileReference; explicitFileType = wrapper.application; includeInIndex = 0; path = pokedex3.app; sourceTree = BUILT_PRODUCTS_DIR; };
		C5808B0A1EC36D5F00B35FDC /* AppDelegate.swift */ = {isa = PBXFileReference; lastKnownFileType = sourcecode.swift; path = AppDelegate.swift; sourceTree = "<group>"; };
		C5808B0C1EC36D5F00B35FDC /* ViewController.swift */ = {isa = PBXFileReference; lastKnownFileType = sourcecode.swift; path = ViewController.swift; sourceTree = "<group>"; };
		C5808B0F1EC36D6000B35FDC /* Base */ = {isa = PBXFileReference; lastKnownFileType = file.storyboard; name = Base; path = Base.lproj/Main.storyboard; sourceTree = "<group>"; };
		C5808B111EC36D6000B35FDC /* Assets.xcassets */ = {isa = PBXFileReference; lastKnownFileType = folder.assetcatalog; path = Assets.xcassets; sourceTree = "<group>"; };
		C5808B141EC36D6000B35FDC /* Base */ = {isa = PBXFileReference; lastKnownFileType = file.storyboard; name = Base; path = Base.lproj/LaunchScreen.storyboard; sourceTree = "<group>"; };
		C5808B161EC36D6000B35FDC /* Info.plist */ = {isa = PBXFileReference; lastKnownFileType = text.plist.xml; path = Info.plist; sourceTree = "<group>"; };
		C5808B381EC3771900B35FDC /* pokemon.csv */ = {isa = PBXFileReference; fileEncoding = 4; lastKnownFileType = text; path = pokemon.csv; sourceTree = "<group>"; };
		C5808B3B1EC3783D00B35FDC /* Pokemon.swift */ = {isa = PBXFileReference; fileEncoding = 4; lastKnownFileType = sourcecode.swift; path = Pokemon.swift; sourceTree = "<group>"; };
		C5808B3E1EC37E0700B35FDC /* PokeCell.swift */ = {isa = PBXFileReference; fileEncoding = 4; lastKnownFileType = sourcecode.swift; path = PokeCell.swift; sourceTree = "<group>"; };
		C5808B401EC3854B00B35FDC /* csv.swift */ = {isa = PBXFileReference; fileEncoding = 4; lastKnownFileType = sourcecode.swift; path = csv.swift; sourceTree = "<group>"; };
/* End PBXFileReference section */

/* Begin PBXFrameworksBuildPhase section */
		C5808B041EC36D5F00B35FDC /* Frameworks */ = {
			isa = PBXFrameworksBuildPhase;
			buildActionMask = 2147483647;
			files = (
			);
			runOnlyForDeploymentPostprocessing = 0;
		};
/* End PBXFrameworksBuildPhase section */

/* Begin PBXGroup section */
		C567F8C41EC3929800949846 /* Controller */ = {
			isa = PBXGroup;
			children = (
				C5808B0C1EC36D5F00B35FDC /* ViewController.swift */,
				C567F8CB1EC3A01D00949846 /* PokemonDetailVC.swift */,
			);
			name = Controller;
			sourceTree = "<group>";
		};
		C567F8C51EC392A600949846 /* Resources */ = {
			isa = PBXGroup;
			children = (
				C5808B381EC3771900B35FDC /* pokemon.csv */,
				C567F8C71EC393C100949846 /* music.png */,
				C567F8C91EC393E700949846 /* music.mp3 */,
				C567F8C21EC3927C00949846 /* pokemon.ttf */,
			);
			name = Resources;
			sourceTree = "<group>";
		};
		C567F8C61EC392BA00949846 /* Util */ = {
			isa = PBXGroup;
			children = (
				C5808B401EC3854B00B35FDC /* csv.swift */,
			);
			name = Util;
			sourceTree = "<group>";
		};
		C5808AFE1EC36D5F00B35FDC = {
			isa = PBXGroup;
			children = (
				C5808B091EC36D5F00B35FDC /* pokedex3 */,
				C5808B081EC36D5F00B35FDC /* Products */,
			);
			sourceTree = "<group>";
		};
		C5808B081EC36D5F00B35FDC /* Products */ = {
			isa = PBXGroup;
			children = (
				C5808B071EC36D5F00B35FDC /* pokedex3.app */,
			);
			name = Products;
			sourceTree = "<group>";
		};
		C5808B091EC36D5F00B35FDC /* pokedex3 */ = {
			isa = PBXGroup;
			children = (
				C5808B3A1EC3782A00B35FDC /* Model */,
				C5808B3D1EC37DD100B35FDC /* View */,
				C567F8C41EC3929800949846 /* Controller */,
				C567F8C51EC392A600949846 /* Resources */,
				C567F8C61EC392BA00949846 /* Util */,
				C5808B0A1EC36D5F00B35FDC /* AppDelegate.swift */,
				C5808B0E1EC36D6000B35FDC /* Main.storyboard */,
				C5808B111EC36D6000B35FDC /* Assets.xcassets */,
				C5808B131EC36D6000B35FDC /* LaunchScreen.storyboard */,
				C5808B161EC36D6000B35FDC /* Info.plist */,
			);
			path = pokedex3;
			sourceTree = "<group>";
		};
		C5808B3A1EC3782A00B35FDC /* Model */ = {
			isa = PBXGroup;
			children = (
				C5808B3B1EC3783D00B35FDC /* Pokemon.swift */,
			);
			name = Model;
			sourceTree = "<group>";
		};
		C5808B3D1EC37DD100B35FDC /* View */ = {
			isa = PBXGroup;
			children = (
				C5808B3E1EC37E0700B35FDC /* PokeCell.swift */,
			);
			name = View;
			sourceTree = "<group>";
		};
/* End PBXGroup section */

/* Begin PBXNativeTarget section */
		C5808B061EC36D5F00B35FDC /* pokedex3 */ = {
			isa = PBXNativeTarget;
			buildConfigurationList = C5808B2F1EC36D6000B35FDC /* Build configuration list for PBXNativeTarget "pokedex3" */;
			buildPhases = (
				C5808B031EC36D5F00B35FDC /* Sources */,
				C5808B041EC36D5F00B35FDC /* Frameworks */,
				C5808B051EC36D5F00B35FDC /* Resources */,
			);
			buildRules = (
			);
			dependencies = (
			);
			name = pokedex3;
			productName = pokedex3;
			productReference = C5808B071EC36D5F00B35FDC /* pokedex3.app */;
			productType = "com.apple.product-type.application";
		};
/* End PBXNativeTarget section */

/* Begin PBXProject section */
		C5808AFF1EC36D5F00B35FDC /* Project object */ = {
			isa = PBXProject;
			attributes = {
				LastSwiftUpdateCheck = 0830;
				LastUpgradeCheck = 0830;
				ORGANIZATIONNAME = "The Dalton School";
				TargetAttributes = {
					C5808B061EC36D5F00B35FDC = {
						CreatedOnToolsVersion = 8.3.2;
						LastSwiftMigration = 0830;
						ProvisioningStyle = Automatic;
					};
				};
			};
			buildConfigurationList = C5808B021EC36D5F00B35FDC /* Build configuration list for PBXProject "pokedex3" */;
			compatibilityVersion = "Xcode 3.2";
			developmentRegion = English;
			hasScannedForEncodings = 0;
			knownRegions = (
				en,
				Base,
			);
			mainGroup = C5808AFE1EC36D5F00B35FDC;
			productRefGroup = C5808B081EC36D5F00B35FDC /* Products */;
			projectDirPath = "";
			projectRoot = "";
			targets = (
				C5808B061EC36D5F00B35FDC /* pokedex3 */,
			);
		};
/* End PBXProject section */

/* Begin PBXResourcesBuildPhase section */
		C5808B051EC36D5F00B35FDC /* Resources */ = {
			isa = PBXResourcesBuildPhase;
			buildActionMask = 2147483647;
			files = (
				C567F8C31EC3927C00949846 /* pokemon.ttf in Resources */,
				C5808B151EC36D6000B35FDC /* LaunchScreen.storyboard in Resources */,
				C5808B121EC36D6000B35FDC /* Assets.xcassets in Resources */,
				C5808B391EC3771900B35FDC /* pokemon.csv in Resources */,
				C5808B101EC36D6000B35FDC /* Main.storyboard in Resources */,
				C567F8CA1EC393E700949846 /* music.mp3 in Resources */,
				C567F8C81EC393C100949846 /* music.png in Resources */,
			);
			runOnlyForDeploymentPostprocessing = 0;
		};
/* End PBXResourcesBuildPhase section */

/* Begin PBXSourcesBuildPhase section */
		C5808B031EC36D5F00B35FDC /* Sources */ = {
			isa = PBXSourcesBuildPhase;
			buildActionMask = 2147483647;
			files = (
				C5808B3F1EC37E0700B35FDC /* PokeCell.swift in Sources */,
				C5808B0D1EC36D5F00B35FDC /* ViewController.swift in Sources */,
				C5808B0B1EC36D5F00B35FDC /* AppDelegate.swift in Sources */,
				C567F8CC1EC3A01D00949846 /* PokemonDetailVC.swift in Sources */,
				C5808B3C1EC3783D00B35FDC /* Pokemon.swift in Sources */,
				C5808B411EC3854B00B35FDC /* csv.swift in Sources */,
			);
			runOnlyForDeploymentPostprocessing = 0;
		};
/* End PBXSourcesBuildPhase section */

/* Begin PBXVariantGroup section */
		C5808B0E1EC36D6000B35FDC /* Main.storyboard */ = {
			isa = PBXVariantGroup;
			children = (
				C5808B0F1EC36D6000B35FDC /* Base */,
			);
			name = Main.storyboard;
			sourceTree = "<group>";
		};
		C5808B131EC36D6000B35FDC /* LaunchScreen.storyboard */ = {
			isa = PBXVariantGroup;
			children = (
				C5808B141EC36D6000B35FDC /* Base */,
			);
			name = LaunchScreen.storyboard;
			sourceTree = "<group>";
		};
/* End PBXVariantGroup section */

/* Begin XCBuildConfiguration section */
		C5808B2D1EC36D6000B35FDC /* Debug */ = {
			isa = XCBuildConfiguration;
			buildSettings = {
				ALWAYS_SEARCH_USER_PATHS = NO;
				CLANG_ANALYZER_NONNULL = YES;
				CLANG_ANALYZER_NUMBER_OBJECT_CONVERSION = YES_AGGRESSIVE;
				CLANG_CXX_LANGUAGE_STANDARD = "gnu++0x";
				CLANG_CXX_LIBRARY = "libc++";
				CLANG_ENABLE_MODULES = YES;
				CLANG_ENABLE_OBJC_ARC = YES;
				CLANG_WARN_BOOL_CONVERSION = YES;
				CLANG_WARN_CONSTANT_CONVERSION = YES;
				CLANG_WARN_DIRECT_OBJC_ISA_USAGE = YES_ERROR;
				CLANG_WARN_DOCUMENTATION_COMMENTS = YES;
				CLANG_WARN_EMPTY_BODY = YES;
				CLANG_WARN_ENUM_CONVERSION = YES;
				CLANG_WARN_INFINITE_RECURSION = YES;
				CLANG_WARN_INT_CONVERSION = YES;
				CLANG_WARN_OBJC_ROOT_CLASS = YES_ERROR;
				CLANG_WARN_SUSPICIOUS_MOVE = YES;
				CLANG_WARN_UNREACHABLE_CODE = YES;
				CLANG_WARN__DUPLICATE_METHOD_MATCH = YES;
				"CODE_SIGN_IDENTITY[sdk=iphoneos*]" = "iPhone Developer";
				COPY_PHASE_STRIP = NO;
				DEBUG_INFORMATION_FORMAT = dwarf;
				ENABLE_STRICT_OBJC_MSGSEND = YES;
				ENABLE_TESTABILITY = YES;
				GCC_C_LANGUAGE_STANDARD = gnu99;
				GCC_DYNAMIC_NO_PIC = NO;
				GCC_NO_COMMON_BLOCKS = YES;
				GCC_OPTIMIZATION_LEVEL = 0;
				GCC_PREPROCESSOR_DEFINITIONS = (
					"DEBUG=1",
					"$(inherited)",
				);
				GCC_WARN_64_TO_32_BIT_CONVERSION = YES;
				GCC_WARN_ABOUT_RETURN_TYPE = YES_ERROR;
				GCC_WARN_UNDECLARED_SELECTOR = YES;
				GCC_WARN_UNINITIALIZED_AUTOS = YES_AGGRESSIVE;
				GCC_WARN_UNUSED_FUNCTION = YES;
				GCC_WARN_UNUSED_VARIABLE = YES;
				IPHONEOS_DEPLOYMENT_TARGET = 10.3;
				MTL_ENABLE_DEBUG_INFO = YES;
				ONLY_ACTIVE_ARCH = YES;
				SDKROOT = iphoneos;
				SWIFT_ACTIVE_COMPILATION_CONDITIONS = DEBUG;
				SWIFT_OPTIMIZATION_LEVEL = "-Onone";
			};
			name = Debug;
		};
		C5808B2E1EC36D6000B35FDC /* Release */ = {
			isa = XCBuildConfiguration;
			buildSettings = {
				ALWAYS_SEARCH_USER_PATHS = NO;
				CLANG_ANALYZER_NONNULL = YES;
				CLANG_ANALYZER_NUMBER_OBJECT_CONVERSION = YES_AGGRESSIVE;
				CLANG_CXX_LANGUAGE_STANDARD = "gnu++0x";
				CLANG_CXX_LIBRARY = "libc++";
				CLANG_ENABLE_MODULES = YES;
				CLANG_ENABLE_OBJC_ARC = YES;
				CLANG_WARN_BOOL_CONVERSION = YES;
				CLANG_WARN_CONSTANT_CONVERSION = YES;
				CLANG_WARN_DIRECT_OBJC_ISA_USAGE = YES_ERROR;
				CLANG_WARN_DOCUMENTATION_COMMENTS = YES;
				CLANG_WARN_EMPTY_BODY = YES;
				CLANG_WARN_ENUM_CONVERSION = YES;
				CLANG_WARN_INFINITE_RECURSION = YES;
				CLANG_WARN_INT_CONVERSION = YES;
				CLANG_WARN_OBJC_ROOT_CLASS = YES_ERROR;
				CLANG_WARN_SUSPICIOUS_MOVE = YES;
				CLANG_WARN_UNREACHABLE_CODE = YES;
				CLANG_WARN__DUPLICATE_METHOD_MATCH = YES;
				"CODE_SIGN_IDENTITY[sdk=iphoneos*]" = "iPhone Developer";
				COPY_PHASE_STRIP = NO;
				DEBUG_INFORMATION_FORMAT = "dwarf-with-dsym";
				ENABLE_NS_ASSERTIONS = NO;
				ENABLE_STRICT_OBJC_MSGSEND = YES;
				GCC_C_LANGUAGE_STANDARD = gnu99;
				GCC_NO_COMMON_BLOCKS = YES;
				GCC_WARN_64_TO_32_BIT_CONVERSION = YES;
				GCC_WARN_ABOUT_RETURN_TYPE = YES_ERROR;
				GCC_WARN_UNDECLARED_SELECTOR = YES;
				GCC_WARN_UNINITIALIZED_AUTOS = YES_AGGRESSIVE;
				GCC_WARN_UNUSED_FUNCTION = YES;
				GCC_WARN_UNUSED_VARIABLE = YES;
				IPHONEOS_DEPLOYMENT_TARGET = 10.3;
				MTL_ENABLE_DEBUG_INFO = NO;
				SDKROOT = iphoneos;
				SWIFT_OPTIMIZATION_LEVEL = "-Owholemodule";
				VALIDATE_PRODUCT = YES;
			};
			name = Release;
		};
		C5808B301EC36D6000B35FDC /* Debug */ = {
			isa = XCBuildConfiguration;
			buildSettings = {
				ASSETCATALOG_COMPILER_APPICON_NAME = AppIcon;
				INFOPLIST_FILE = pokedex3/Info.plist;
				LD_RUNPATH_SEARCH_PATHS = "$(inherited) @executable_path/Frameworks";
				PRODUCT_BUNDLE_IDENTIFIER = org.dalton.pokedex3;
				PRODUCT_NAME = "$(TARGET_NAME)";
				SWIFT_VERSION = 3.0;
			};
			name = Debug;
		};
		C5808B311EC36D6000B35FDC /* Release */ = {
			isa = XCBuildConfiguration;
			buildSettings = {
				ASSETCATALOG_COMPILER_APPICON_NAME = AppIcon;
				INFOPLIST_FILE = pokedex3/Info.plist;
				LD_RUNPATH_SEARCH_PATHS = "$(inherited) @executable_path/Frameworks";
				PRODUCT_BUNDLE_IDENTIFIER = org.dalton.pokedex3;
				PRODUCT_NAME = "$(TARGET_NAME)";
				SWIFT_VERSION = 3.0;
			};
			name = Release;
		};
/* End XCBuildConfiguration section */

/* Begin XCConfigurationList section */
		C5808B021EC36D5F00B35FDC /* Build configuration list for PBXProject "pokedex3" */ = {
			isa = XCConfigurationList;
			buildConfigurations = (
				C5808B2D1EC36D6000B35FDC /* Debug */,
				C5808B2E1EC36D6000B35FDC /* Release */,
			);
			defaultConfigurationIsVisible = 0;
			defaultConfigurationName = Release;
		};
		C5808B2F1EC36D6000B35FDC /* Build configuration list for PBXNativeTarget "pokedex3" */ = {
			isa = XCConfigurationList;
			buildConfigurations = (
				C5808B301EC36D6000B35FDC /* Debug */,
				C5808B311EC36D6000B35FDC /* Release */,
			);
			defaultConfigurationIsVisible = 0;
			defaultConfigurationName = Release;
		};
/* End XCConfigurationList section */
	};
	rootObject = C5808AFF1EC36D5F00B35FDC /* Project object */;
}
